<?xml version="1.0" encoding="utf-8"?>
<Project ToolsVersion="4.0" xmlns="http://schemas.microsoft.com/developer/msbuild/2003">
  <ItemGroup>
    <Filter Include="Source Files">
      <UniqueIdentifier>{4FC737F1-C7A5-4376-A066-2A32D752A2FF}</UniqueIdentifier>
      <Extensions>cpp;c;cc;cxx;c++;cppm;ixx;def;odl;idl;hpj;bat;asm;asmx</Extensions>
    </Filter>
    <Filter Include="Header Files">
      <UniqueIdentifier>{93995380-89BD-4b04-88EB-625FBE52EBFB}</UniqueIdentifier>
      <Extensions>h;hh;hpp;hxx;h++;hm;inl;inc;ipp;xsd</Extensions>
    </Filter>
    <Filter Include="Resource Files">
      <UniqueIdentifier>{67DA6AB6-F800-4c08-8B7A-83BB121AAD01}</UniqueIdentifier>
      <Extensions>rc;ico;cur;bmp;dlg;rc2;rct;bin;rgs;gif;jpg;jpeg;jpe;resx;tiff;tif;png;wav;mfcribbon-ms</Extensions>
    </Filter>
    <Filter Include="Header Files\auth">
      <UniqueIdentifier>{de1a561c-edb6-4e62-a44a-ca45ef812d97}</UniqueIdentifier>
    </Filter>
    <Filter Include="Header Files\Protection">
      <UniqueIdentifier>{587eab74-13d3-4764-9f32-49b7924744df}</UniqueIdentifier>
    </Filter>
    <Filter Include="Resource Files\imgui">
      <UniqueIdentifier>{4c764dc0-9dba-47ff-9141-535b98f9ebd5}</UniqueIdentifier>
    </Filter>
  </ItemGroup>
  <ItemGroup>
    <ClCompile Include="main.cpp">
      <Filter>Source Files</Filter>
    </ClCompile>
    <ClCompile Include="Fucking ImGui\imgui.cpp">
      <Filter>Resource Files\imgui</Filter>
    </ClCompile>
    <ClCompile Include="Fucking ImGui\imgui_demo.cpp">
      <Filter>Resource Files\imgui</Filter>
    </ClCompile>
    <ClCompile Include="Fucking ImGui\imgui_draw.cpp">
      <Filter>Resource Files\imgui</Filter>
    </ClCompile>
    <ClCompile Include="Fucking ImGui\imgui_impl_dx9.cpp">
      <Filter>Resource Files\imgui</Filter>
    </ClCompile>
    <ClCompile Include="Fucking ImGui\imgui_impl_dx11.cpp">
      <Filter>Resource Files\imgui</Filter>
    </ClCompile>
    <ClCompile Include="Fucking ImGui\imgui_impl_win32.cpp">
      <Filter>Resource Files\imgui</Filter>
    </ClCompile>
    <ClCompile Include="Fucking ImGui\imgui_tables.cpp">
      <Filter>Resource Files\imgui</Filter>
    </ClCompile>
    <ClCompile Include="Fucking ImGui\imgui_widgets.cpp">
      <Filter>Resource Files\imgui</Filter>
    </ClCompile>
    <ClCompile Include="imgui_toggle.cpp">
      <Filter>Resource Files\imgui</Filter>
    </ClCompile>
    <ClCompile Include="imgui_toggle_renderer.cpp">
      <Filter>Resource Files\imgui</Filter>
    </ClCompile>
    <ClCompile Include="imgui_toggle_palette.cpp">
      <Filter>Resource Files\imgui</Filter>
    </ClCompile>
    <ClCompile Include="imgui_toggle_presets.cpp">
      <Filter>Resource Files\imgui</Filter>
    </ClCompile>
    <ClCompile Include="imgui-knobs.cpp">
      <Filter>Resource Files\imgui</Filter>
    </ClCompile>
  </ItemGroup>
  <ItemGroup>
    <ClInclude Include="auth.hpp">
      <Filter>Header Files\auth</Filter>
    </ClInclude>
    <ClInclude Include="skStr.h">
      <Filter>Header Files\Protection</Filter>
    </ClInclude>
    <ClInclude Include="Overwatch.hpp">
      <Filter>Resource Files</Filter>
    </ClInclude>
    <ClInclude Include="Target.hpp">
      <Filter>Resource Files</Filter>
    </ClInclude>
    <ClInclude Include="GetComponent.hpp">
      <Filter>Resource Files</Filter>
    </ClInclude>
    <ClInclude Include="IDAdefs.h">
      <Filter>Resource Files</Filter>
    </ClInclude>
    <ClInclude Include="Vector.hpp">
      <Filter>Resource Files</Filter>
    </ClInclude>
    <ClInclude Include="Offsets.hpp">
      <Filter>Resource Files</Filter>
    </ClInclude>
    <ClInclude Include="SDK.hpp">
      <Filter>Resource Files</Filter>
    </ClInclude>
    <ClInclude Include="includes.hpp">
      <Filter>Resource Files</Filter>
    </ClInclude>
    <ClInclude Include="Config.hpp">
      <Filter>Resource Files</Filter>
    </ClInclude>
    <ClInclude Include="Renderer.hpp">
      <Filter>Resource Files</Filter>
    </ClInclude>
    <ClInclude Include="resource.h">
      <Filter>Header Files</Filter>
    </ClInclude>
    <ClInclude Include="Fucking ImGui\imconfig.h">
      <Filter>Resource Files\imgui</Filter>
    </ClInclude>
    <ClInclude Include="Fucking ImGui\imgui.h">
      <Filter>Resource Files\imgui</Filter>
    </ClInclude>
    <ClInclude Include="Fucking ImGui\imgui_impl_dx9.h">
      <Filter>Resource Files\imgui</Filter>
    </ClInclude>
    <ClInclude Include="Fucking ImGui\imgui_impl_dx11.h">
      <Filter>Resource Files\imgui</Filter>
    </ClInclude>
    <ClInclude Include="Fucking ImGui\imgui_impl_win32.h">
      <Filter>Resource Files\imgui</Filter>
    </ClInclude>
    <ClInclude Include="Fucking ImGui\imgui_internal.h">
      <Filter>Resource Files\imgui</Filter>
    </ClInclude>
    <ClInclude Include="Fucking ImGui\imstb_rectpack.h">
      <Filter>Resource Files\imgui</Filter>
    </ClInclude>
    <ClInclude Include="Fucking ImGui\imstb_textedit.h">
      <Filter>Resource Files\imgui</Filter>
    </ClInclude>
    <ClInclude Include="Fucking ImGui\imstb_truetype.h">
      <Filter>Resource Files\imgui</Filter>
    </ClInclude>
    <ClInclude Include="imgui_toggle.h">
      <Filter>Resource Files\imgui</Filter>
    </ClInclude>
    <ClInclude Include="imgui_offset_rect.h">
      <Filter>Resource Files\imgui</Filter>
    </ClInclude>
    <ClInclude Include="imgui_toggle_math.h">
      <Filter>Resource Files\imgui</Filter>
    </ClInclude>
    <ClInclude Include="imgui_toggle_palette.h">
      <Filter>Resource Files\imgui</Filter>
    </ClInclude>
    <ClInclude Include="imgui_toggle_renderer.h">
      <Filter>Resource Files\imgui</Filter>
    </ClInclude>
    <ClInclude Include="imgui_toggle_presets.h">
      <Filter>Resource Files\imgui</Filter>
    </ClInclude>
    <ClInclude Include="candy.h">
      <Filter>Resource Files\imgui</Filter>
    </ClInclude>
    <ClInclude Include="gradient.h">
      <Filter>Resource Files\imgui</Filter>
    </ClInclude>
    <ClInclude Include="imgui-knobs.h">
      <Filter>Resource Files\imgui</Filter>
    </ClInclude>
    <ClInclude Include="tahoma.h">
      <Filter>Resource Files\imgui</Filter>
    </ClInclude>
    <ClInclude Include="imgui_notify.h">
      <Filter>Resource Files\imgui</Filter>
    </ClInclude>
    <ClInclude Include="font_awesome_5.h">
      <Filter>Resource Files\imgui</Filter>
    </ClInclude>
    <ClInclude Include="fa_solid_900.h">
      <Filter>Resource Files\imgui</Filter>
    </ClInclude>
    <ClInclude Include="simhei.h">
      <Filter>Resource Files\imgui</Filter>
    </ClInclude>
    <ClInclude Include="sprite.hpp">
      <Filter>Resource Files\imgui</Filter>
    </ClInclude>
    <ClInclude Include="Export.hpp">
      <Filter>Resource Files\imgui</Filter>
    </ClInclude>
    <ClInclude Include="sfconfig.hpp">
      <Filter>Resource Files\imgui</Filter>
    </ClInclude>
    <ClInclude Include="Drawable.hpp">
      <Filter>Resource Files\imgui</Filter>
    </ClInclude>
    <ClInclude Include="logo.h">
      <Filter>Resource Files\imgui</Filter>
    </ClInclude>
    <ClInclude Include="icon.h">
      <Filter>Resource Files\imgui</Filter>
    </ClInclude>
    <ClInclude Include="Module.hpp">
      <Filter>Resource Files\imgui</Filter>
    </ClInclude>
    <ClInclude Include="spoofcall.h">
      <Filter>Resource Files</Filter>
    </ClInclude>
  </ItemGroup>
  <ItemGroup>
    <Library Include="library_x64.lib">
      <Filter>Header Files\auth</Filter>
    </Library>
  </ItemGroup>
  <ItemGroup>
    <ResourceCompile Include="example.rc">
      <Filter>Resource Files</Filter>
    </ResourceCompile>
  </ItemGroup>
  <ItemGroup>
    <MASM Include="spoofcall.masm">
      <Filter>Resource Files</Filter>
    </MASM>
  </ItemGroup>
</Project>